
Microsoft Visual Studio Solution File, Format Version 12.00
# Visual Studio 15
VisualStudioVersion = 15.0.28307.1062
MinimumVisualStudioVersion = 10.0.40219.1
Project("{FAE04EC0-301F-11D3-BF4B-00C04F79EFBC}") = "Contagion CrossPlatform", "Contagion CrossPlatform\Contagion CrossPlatform.csproj", "{5BE83DA3-D5BD-484F-A81B-FDA3B04DCD2F}"
EndProject
Global
	GlobalSection(SolutionConfigurationPlatforms) = preSolution
		Debug|Any CPU = Debug|Any CPU
		Release|Any CPU = Release|Any CPU
	EndGlobalSection
	GlobalSection(ProjectConfigurationPlatforms) = postSolution
		{5BE83DA3-D5BD-484F-A81B-FDA3B04DCD2F}.Debug|Any CPU.ActiveCfg = Debug|Any CPU
		{5BE83DA3-D5BD-484F-A81B-FDA3B04DCD2F}.Debug|Any CPU.Build.0 = Debug|Any CPU
		{5BE83DA3-D5BD-484F-A81B-FDA3B04DCD2F}.Release|Any CPU.ActiveCfg = Release|Any CPU
		{5BE83DA3-D5BD-484F-A81B-FDA3B04DCD2F}.Release|Any CPU.Build.0 = Release|Any CPU
	EndGlobalSection
	GlobalSection(SolutionProperties) = preSolution
		HideSolutionNode = FALSE
	EndGlobalSection
	GlobalSection(ExtensibilityGlobals) = postSolution
		SolutionGuid = {0BFBDCBC-E20F-4D6B-B9B6-C2FD98E2CD9C}
	EndGlobalSection
	GlobalSection(MonoDevelopProperties) = preSolution
		Policies = $0
		$0.DotNetNamingPolicy = $1
		$1.DirectoryNamespaceAssociation = PrefixedHierarchical
		$0.StandardHeader = $2
		version = 0.2
	EndGlobalSection
EndGlobal
